
Microsoft Visual Studio Solution File, Format Version 12.00
# Visual Studio Version 16
VisualStudioVersion = 16.0.29613.14
MinimumVisualStudioVersion = 10.0.40219.1
Project("{FAE04EC0-301F-11D3-BF4B-00C04F79EFBC}") = "ContextSwitching", "ConsoleApp2\ContextSwitching.csproj", "{1E96E66F-5A66-424E-B272-0619FEFE85AA}"
EndProject
Project("{FAE04EC0-301F-11D3-BF4B-00C04F79EFBC}") = "SharedResource", "SharedResource\SharedResource.csproj", "{99EF26E9-8A62-4AA5-A0BA-80893137EB83}"
EndProject
Project("{FAE04EC0-301F-11D3-BF4B-00C04F79EFBC}") = "LocalAndHeapMemory", "LocalAndHeapMemory\LocalAndHeapMemory.csproj", "{A4EE8E66-6206-4344-AF2C-1951D37FAA85}"
EndProject
Global
	GlobalSection(SolutionConfigurationPlatforms) = preSolution
		Debug|Any CPU = Debug|Any CPU
		Release|Any CPU = Release|Any CPU
	EndGlobalSection
	GlobalSection(ProjectConfigurationPlatforms) = postSolution
		{1E96E66F-5A66-424E-B272-0619FEFE85AA}.Debug|Any CPU.ActiveCfg = Debug|Any CPU
		{1E96E66F-5A66-424E-B272-0619FEFE85AA}.Debug|Any CPU.Build.0 = Debug|Any CPU
		{1E96E66F-5A66-424E-B272-0619FEFE85AA}.Release|Any CPU.ActiveCfg = Release|Any CPU
		{1E96E66F-5A66-424E-B272-0619FEFE85AA}.Release|Any CPU.Build.0 = Release|Any CPU
		{99EF26E9-8A62-4AA5-A0BA-80893137EB83}.Debug|Any CPU.ActiveCfg = Debug|Any CPU
		{99EF26E9-8A62-4AA5-A0BA-80893137EB83}.Debug|Any CPU.Build.0 = Debug|Any CPU
		{99EF26E9-8A62-4AA5-A0BA-80893137EB83}.Release|Any CPU.ActiveCfg = Release|Any CPU
		{99EF26E9-8A62-4AA5-A0BA-80893137EB83}.Release|Any CPU.Build.0 = Release|Any CPU
		{A4EE8E66-6206-4344-AF2C-1951D37FAA85}.Debug|Any CPU.ActiveCfg = Debug|Any CPU
		{A4EE8E66-6206-4344-AF2C-1951D37FAA85}.Debug|Any CPU.Build.0 = Debug|Any CPU
		{A4EE8E66-6206-4344-AF2C-1951D37FAA85}.Release|Any CPU.ActiveCfg = Release|Any CPU
		{A4EE8E66-6206-4344-AF2C-1951D37FAA85}.Release|Any CPU.Build.0 = Release|Any CPU
	EndGlobalSection
	GlobalSection(SolutionProperties) = preSolution
		HideSolutionNode = FALSE
	EndGlobalSection
	GlobalSection(ExtensibilityGlobals) = postSolution
		SolutionGuid = {833A0CD8-00F0-4BC4-B211-9F8872304E53}
	EndGlobalSection
EndGlobal
