
Microsoft Visual Studio Solution File, Format Version 12.00
# Visual Studio Version 16
VisualStudioVersion = 16.0.29613.14
MinimumVisualStudioVersion = 10.0.40219.1
Project("{FAE04EC0-301F-11D3-BF4B-00C04F79EFBC}") = "ContextSwitching", "ConsoleApp2\ContextSwitching.csproj", "{1E96E66F-5A66-424E-B272-0619FEFE85AA}"
EndProject
Project("{FAE04EC0-301F-11D3-BF4B-00C04F79EFBC}") = "SharedResource", "SharedResource\SharedResource.csproj", "{99EF26E9-8A62-4AA5-A0BA-80893137EB83}"
EndProject
Project("{FAE04EC0-301F-11D3-BF4B-00C04F79EFBC}") = "LocalAndHeapMemory", "LocalAndHeapMemory\LocalAndHeapMemory.csproj", "{A4EE8E66-6206-4344-AF2C-1951D37FAA85}"
EndProject
Project("{FAE04EC0-301F-11D3-BF4B-00C04F79EFBC}") = "ThreadPoolDemo", "ThreadPoolDemo\ThreadPoolDemo.csproj", "{8DA2AF7A-AEE9-4210-91C6-B42F36A247A0}"
EndProject
Project("{FAE04EC0-301F-11D3-BF4B-00C04F79EFBC}") = "ReturnValueFromThreads", "ReturnValueFromThreads\ReturnValueFromThreads.csproj", "{FF6B805F-FB3A-4AEB-96EB-1495E157B768}"
EndProject
Project("{FAE04EC0-301F-11D3-BF4B-00C04F79EFBC}") = "TaskThatReturnAValue", "TaskThatReturnAValue\TaskThatReturnAValue.csproj", "{3133DFAF-2190-4B83-8BB9-47F70963E893}"
EndProject
Project("{FAE04EC0-301F-11D3-BF4B-00C04F79EFBC}") = "TaskContinuation", "TaskContinuation\TaskContinuation.csproj", "{DA949BF3-25A9-4797-8DA0-1819823F8FD7}"
EndProject
Project("{FAE04EC0-301F-11D3-BF4B-00C04F79EFBC}") = "MonitorAndLock", "MonitorAndLock\MonitorAndLock.csproj", "{739AF1EF-53DE-4789-839C-7244DB1E8FD0}"
EndProject
Project("{FAE04EC0-301F-11D3-BF4B-00C04F79EFBC}") = "ReaderWriterLock", "ReaderWriterLock\ReaderWriterLock.csproj", "{39EBDDEF-B5A2-4F6A-B77D-CF7B52E63A9A}"
EndProject
Project("{FAE04EC0-301F-11D3-BF4B-00C04F79EFBC}") = "MutexLocking", "MutexLocking\MutexLocking.csproj", "{07A9F51E-B1CC-4A23-9F61-4BA061798DBD}"
EndProject
Project("{FAE04EC0-301F-11D3-BF4B-00C04F79EFBC}") = "SemaphoreSlimLocking", "SemaphoreSlimLocking\SemaphoreSlimLocking.csproj", "{3B15D417-DD15-4CAE-BE51-11147DF083C6}"
EndProject
Project("{FAE04EC0-301F-11D3-BF4B-00C04F79EFBC}") = "AutoResetEventSignaling", "AutoResetEventSignaling\AutoResetEventSignaling.csproj", "{1926481B-E42E-4990-A598-645A77DE6CA8}"
EndProject
Project("{FAE04EC0-301F-11D3-BF4B-00C04F79EFBC}") = "ParallelWithCancellationToken", "ParallelWithCancellationToken\ParallelWithCancellationToken.csproj", "{49A1451E-26B6-4DF9-B47A-D674730AA257}"
EndProject
Project("{FAE04EC0-301F-11D3-BF4B-00C04F79EFBC}") = "AttachedAndDetachedTasks", "AttachedAndDetachedTasks\AttachedAndDetachedTasks.csproj", "{A8F77363-3ACF-41BC-B53F-F4B2A2FE6099}"
EndProject
Global
	GlobalSection(SolutionConfigurationPlatforms) = preSolution
		Debug|Any CPU = Debug|Any CPU
		Release|Any CPU = Release|Any CPU
	EndGlobalSection
	GlobalSection(ProjectConfigurationPlatforms) = postSolution
		{1E96E66F-5A66-424E-B272-0619FEFE85AA}.Debug|Any CPU.ActiveCfg = Debug|Any CPU
		{1E96E66F-5A66-424E-B272-0619FEFE85AA}.Debug|Any CPU.Build.0 = Debug|Any CPU
		{1E96E66F-5A66-424E-B272-0619FEFE85AA}.Release|Any CPU.ActiveCfg = Release|Any CPU
		{1E96E66F-5A66-424E-B272-0619FEFE85AA}.Release|Any CPU.Build.0 = Release|Any CPU
		{99EF26E9-8A62-4AA5-A0BA-80893137EB83}.Debug|Any CPU.ActiveCfg = Debug|Any CPU
		{99EF26E9-8A62-4AA5-A0BA-80893137EB83}.Debug|Any CPU.Build.0 = Debug|Any CPU
		{99EF26E9-8A62-4AA5-A0BA-80893137EB83}.Release|Any CPU.ActiveCfg = Release|Any CPU
		{99EF26E9-8A62-4AA5-A0BA-80893137EB83}.Release|Any CPU.Build.0 = Release|Any CPU
		{A4EE8E66-6206-4344-AF2C-1951D37FAA85}.Debug|Any CPU.ActiveCfg = Debug|Any CPU
		{A4EE8E66-6206-4344-AF2C-1951D37FAA85}.Debug|Any CPU.Build.0 = Debug|Any CPU
		{A4EE8E66-6206-4344-AF2C-1951D37FAA85}.Release|Any CPU.ActiveCfg = Release|Any CPU
		{A4EE8E66-6206-4344-AF2C-1951D37FAA85}.Release|Any CPU.Build.0 = Release|Any CPU
		{8DA2AF7A-AEE9-4210-91C6-B42F36A247A0}.Debug|Any CPU.ActiveCfg = Debug|Any CPU
		{8DA2AF7A-AEE9-4210-91C6-B42F36A247A0}.Debug|Any CPU.Build.0 = Debug|Any CPU
		{8DA2AF7A-AEE9-4210-91C6-B42F36A247A0}.Release|Any CPU.ActiveCfg = Release|Any CPU
		{8DA2AF7A-AEE9-4210-91C6-B42F36A247A0}.Release|Any CPU.Build.0 = Release|Any CPU
		{FF6B805F-FB3A-4AEB-96EB-1495E157B768}.Debug|Any CPU.ActiveCfg = Debug|Any CPU
		{FF6B805F-FB3A-4AEB-96EB-1495E157B768}.Debug|Any CPU.Build.0 = Debug|Any CPU
		{FF6B805F-FB3A-4AEB-96EB-1495E157B768}.Release|Any CPU.ActiveCfg = Release|Any CPU
		{FF6B805F-FB3A-4AEB-96EB-1495E157B768}.Release|Any CPU.Build.0 = Release|Any CPU
		{3133DFAF-2190-4B83-8BB9-47F70963E893}.Debug|Any CPU.ActiveCfg = Debug|Any CPU
		{3133DFAF-2190-4B83-8BB9-47F70963E893}.Debug|Any CPU.Build.0 = Debug|Any CPU
		{3133DFAF-2190-4B83-8BB9-47F70963E893}.Release|Any CPU.ActiveCfg = Release|Any CPU
		{3133DFAF-2190-4B83-8BB9-47F70963E893}.Release|Any CPU.Build.0 = Release|Any CPU
		{DA949BF3-25A9-4797-8DA0-1819823F8FD7}.Debug|Any CPU.ActiveCfg = Debug|Any CPU
		{DA949BF3-25A9-4797-8DA0-1819823F8FD7}.Debug|Any CPU.Build.0 = Debug|Any CPU
		{DA949BF3-25A9-4797-8DA0-1819823F8FD7}.Release|Any CPU.ActiveCfg = Release|Any CPU
		{DA949BF3-25A9-4797-8DA0-1819823F8FD7}.Release|Any CPU.Build.0 = Release|Any CPU
		{739AF1EF-53DE-4789-839C-7244DB1E8FD0}.Debug|Any CPU.ActiveCfg = Debug|Any CPU
		{739AF1EF-53DE-4789-839C-7244DB1E8FD0}.Debug|Any CPU.Build.0 = Debug|Any CPU
		{739AF1EF-53DE-4789-839C-7244DB1E8FD0}.Release|Any CPU.ActiveCfg = Release|Any CPU
		{739AF1EF-53DE-4789-839C-7244DB1E8FD0}.Release|Any CPU.Build.0 = Release|Any CPU
		{39EBDDEF-B5A2-4F6A-B77D-CF7B52E63A9A}.Debug|Any CPU.ActiveCfg = Debug|Any CPU
		{39EBDDEF-B5A2-4F6A-B77D-CF7B52E63A9A}.Debug|Any CPU.Build.0 = Debug|Any CPU
		{39EBDDEF-B5A2-4F6A-B77D-CF7B52E63A9A}.Release|Any CPU.ActiveCfg = Release|Any CPU
		{39EBDDEF-B5A2-4F6A-B77D-CF7B52E63A9A}.Release|Any CPU.Build.0 = Release|Any CPU
		{07A9F51E-B1CC-4A23-9F61-4BA061798DBD}.Debug|Any CPU.ActiveCfg = Debug|Any CPU
		{07A9F51E-B1CC-4A23-9F61-4BA061798DBD}.Debug|Any CPU.Build.0 = Debug|Any CPU
		{07A9F51E-B1CC-4A23-9F61-4BA061798DBD}.Release|Any CPU.ActiveCfg = Release|Any CPU
		{07A9F51E-B1CC-4A23-9F61-4BA061798DBD}.Release|Any CPU.Build.0 = Release|Any CPU
		{3B15D417-DD15-4CAE-BE51-11147DF083C6}.Debug|Any CPU.ActiveCfg = Debug|Any CPU
		{3B15D417-DD15-4CAE-BE51-11147DF083C6}.Debug|Any CPU.Build.0 = Debug|Any CPU
		{3B15D417-DD15-4CAE-BE51-11147DF083C6}.Release|Any CPU.ActiveCfg = Release|Any CPU
		{3B15D417-DD15-4CAE-BE51-11147DF083C6}.Release|Any CPU.Build.0 = Release|Any CPU
		{1926481B-E42E-4990-A598-645A77DE6CA8}.Debug|Any CPU.ActiveCfg = Debug|Any CPU
		{1926481B-E42E-4990-A598-645A77DE6CA8}.Debug|Any CPU.Build.0 = Debug|Any CPU
		{1926481B-E42E-4990-A598-645A77DE6CA8}.Release|Any CPU.ActiveCfg = Release|Any CPU
		{1926481B-E42E-4990-A598-645A77DE6CA8}.Release|Any CPU.Build.0 = Release|Any CPU
		{49A1451E-26B6-4DF9-B47A-D674730AA257}.Debug|Any CPU.ActiveCfg = Debug|Any CPU
		{49A1451E-26B6-4DF9-B47A-D674730AA257}.Debug|Any CPU.Build.0 = Debug|Any CPU
		{49A1451E-26B6-4DF9-B47A-D674730AA257}.Release|Any CPU.ActiveCfg = Release|Any CPU
		{49A1451E-26B6-4DF9-B47A-D674730AA257}.Release|Any CPU.Build.0 = Release|Any CPU
		{A8F77363-3ACF-41BC-B53F-F4B2A2FE6099}.Debug|Any CPU.ActiveCfg = Debug|Any CPU
		{A8F77363-3ACF-41BC-B53F-F4B2A2FE6099}.Debug|Any CPU.Build.0 = Debug|Any CPU
		{A8F77363-3ACF-41BC-B53F-F4B2A2FE6099}.Release|Any CPU.ActiveCfg = Release|Any CPU
		{A8F77363-3ACF-41BC-B53F-F4B2A2FE6099}.Release|Any CPU.Build.0 = Release|Any CPU
	EndGlobalSection
	GlobalSection(SolutionProperties) = preSolution
		HideSolutionNode = FALSE
	EndGlobalSection
	GlobalSection(ExtensibilityGlobals) = postSolution
		SolutionGuid = {833A0CD8-00F0-4BC4-B211-9F8872304E53}
	EndGlobalSection
EndGlobal
